
Microsoft Visual Studio Solution File, Format Version 12.00
# Visual Studio Version 16
VisualStudioVersion = 16.0.31424.327
MinimumVisualStudioVersion = 10.0.40219.1
Project("{FAE04EC0-301F-11D3-BF4B-00C04F79EFBC}") = "RecoverPlus", "RecoverPlus.csproj", "{C877408F-0576-4FAC-BD8E-41695831DBA3}"
EndProject
Global
	GlobalSection(SolutionConfigurationPlatforms) = preSolution
		Debug|Any CPU = Debug|Any CPU
		Release|Any CPU = Release|Any CPU
	EndGlobalSection
	GlobalSection(ProjectConfigurationPlatforms) = postSolution
		{C877408F-0576-4FAC-BD8E-41695831DBA3}.Debug|Any CPU.ActiveCfg = Debug|Any CPU
		{C877408F-0576-4FAC-BD8E-41695831DBA3}.Debug|Any CPU.Build.0 = Debug|Any CPU
		{C877408F-0576-4FAC-BD8E-41695831DBA3}.Release|Any CPU.ActiveCfg = Release|Any CPU
		{C877408F-0576-4FAC-BD8E-41695831DBA3}.Release|Any CPU.Build.0 = Release|Any CPU
	EndGlobalSection
	GlobalSection(SolutionProperties) = preSolution
		HideSolutionNode = FALSE
	EndGlobalSection
	GlobalSection(ExtensibilityGlobals) = postSolution
		SolutionGuid = {C8E0E2CC-1DC6-48DF-BC3F-586FF62F7E05}
	EndGlobalSection
EndGlobal
